
Microsoft Visual Studio Solution File, Format Version 12.00
# Visual Studio Version 17
VisualStudioVersion = 17.10.34916.146
MinimumVisualStudioVersion = 10.0.40219.1
Project("{FAE04EC0-301F-11D3-BF4B-00C04F79EFBC}") = "shifthandler", "shifthandler\shifthandler.csproj", "{C5A7BD28-F54D-4290-AA27-36B5C2EFA871}"
EndProject
Global
	GlobalSection(SolutionConfigurationPlatforms) = preSolution
		Debug|Any CPU = Debug|Any CPU
		Release|Any CPU = Release|Any CPU
	EndGlobalSection
	GlobalSection(ProjectConfigurationPlatforms) = postSolution
		{C5A7BD28-F54D-4290-AA27-36B5C2EFA871}.Debug|Any CPU.ActiveCfg = Debug|Any CPU
		{C5A7BD28-F54D-4290-AA27-36B5C2EFA871}.Debug|Any CPU.Build.0 = Debug|Any CPU
		{C5A7BD28-F54D-4290-AA27-36B5C2EFA871}.Release|Any CPU.ActiveCfg = Release|Any CPU
		{C5A7BD28-F54D-4290-AA27-36B5C2EFA871}.Release|Any CPU.Build.0 = Release|Any CPU
	EndGlobalSection
	GlobalSection(SolutionProperties) = preSolution
		HideSolutionNode = FALSE
	EndGlobalSection
	GlobalSection(ExtensibilityGlobals) = postSolution
		SolutionGuid = {BFF4A268-D625-424E-BA33-273C4B9D244F}
	EndGlobalSection
EndGlobal
